// !$*UTF8*$!
{
	archiveVersion = 1;
	classes = {
	};
	objectVersion = 56;
	objects = {

/* Begin PBXBuildFile section */
		11ECCF1F2906864000C5DAC7 /* macro_qr_readerApp.swift in Sources */ = {isa = PBXBuildFile; fileRef = 11ECCF1E2906864000C5DAC7 /* macro_qr_readerApp.swift */; };
		11ECCF212906864000C5DAC7 /* ContentView.swift in Sources */ = {isa = PBXBuildFile; fileRef = 11ECCF202906864000C5DAC7 /* ContentView.swift */; };
		11ECCF232906864000C5DAC7 /* Assets.xcassets in Resources */ = {isa = PBXBuildFile; fileRef = 11ECCF222906864000C5DAC7 /* Assets.xcassets */; };
		11ECCF262906864000C5DAC7 /* Preview Assets.xcassets in Resources */ = {isa = PBXBuildFile; fileRef = 11ECCF252906864000C5DAC7 /* Preview Assets.xcassets */; };
		11ECCF2E2906873F00C5DAC7 /* CodeScanner in Frameworks */ = {isa = PBXBuildFile; productRef = 11ECCF2D2906873F00C5DAC7 /* CodeScanner */; };
		11ECCF3229068E4000C5DAC7 /* String.swift in Sources */ = {isa = PBXBuildFile; fileRef = 11ECCF3129068E4000C5DAC7 /* String.swift */; };
/* End PBXBuildFile section */

/* Begin PBXFileReference section */
		11ECCF1B2906864000C5DAC7 /* macro-qr-reader.app */ = {isa = PBXFileReference; explicitFileType = wrapper.application; includeInIndex = 0; path = "macro-qr-reader.app"; sourceTree = BUILT_PRODUCTS_DIR; };
		11ECCF1E2906864000C5DAC7 /* macro_qr_readerApp.swift */ = {isa = PBXFileReference; lastKnownFileType = sourcecode.swift; path = macro_qr_readerApp.swift; sourceTree = "<group>"; };
		11ECCF202906864000C5DAC7 /* ContentView.swift */ = {isa = PBXFileReference; lastKnownFileType = sourcecode.swift; path = ContentView.swift; sourceTree = "<group>"; };
		11ECCF222906864000C5DAC7 /* Assets.xcassets */ = {isa = PBXFileReference; lastKnownFileType = folder.assetcatalog; path = Assets.xcassets; sourceTree = "<group>"; };
		11ECCF252906864000C5DAC7 /* Preview Assets.xcassets */ = {isa = PBXFileReference; lastKnownFileType = folder.assetcatalog; path = "Preview Assets.xcassets"; sourceTree = "<group>"; };
		11ECCF2F2906891200C5DAC7 /* Info.plist */ = {isa = PBXFileReference; lastKnownFileType = text.plist; path = Info.plist; sourceTree = "<group>"; };
		11ECCF3129068E4000C5DAC7 /* String.swift */ = {isa = PBXFileReference; lastKnownFileType = sourcecode.swift; path = String.swift; sourceTree = "<group>"; };
/* End PBXFileReference section */

/* Begin PBXFrameworksBuildPhase section */
		11ECCF182906864000C5DAC7 /* Frameworks */ = {
			isa = PBXFrameworksBuildPhase;
			buildActionMask = 2147483647;
			files = (
				11ECCF2E2906873F00C5DAC7 /* CodeScanner in Frameworks */,
			);
			runOnlyForDeploymentPostprocessing = 0;
		};
/* End PBXFrameworksBuildPhase section */

/* Begin PBXGroup section */
		11ECCF122906864000C5DAC7 = {
			isa = PBXGroup;
			children = (
				11ECCF1D2906864000C5DAC7 /* macro-qr-reader */,
				11ECCF1C2906864000C5DAC7 /* Products */,
			);
			sourceTree = "<group>";
		};
		11ECCF1C2906864000C5DAC7 /* Products */ = {
			isa = PBXGroup;
			children = (
				11ECCF1B2906864000C5DAC7 /* macro-qr-reader.app */,
			);
			name = Products;
			sourceTree = "<group>";
		};
		11ECCF1D2906864000C5DAC7 /* macro-qr-reader */ = {
			isa = PBXGroup;
			children = (
				11ECCF3029068E3400C5DAC7 /* extension */,
				11ECCF2F2906891200C5DAC7 /* Info.plist */,
				11ECCF1E2906864000C5DAC7 /* macro_qr_readerApp.swift */,
				11ECCF202906864000C5DAC7 /* ContentView.swift */,
				11ECCF222906864000C5DAC7 /* Assets.xcassets */,
				11ECCF242906864000C5DAC7 /* Preview Content */,
			);
			path = "macro-qr-reader";
			sourceTree = "<group>";
		};
		11ECCF242906864000C5DAC7 /* Preview Content */ = {
			isa = PBXGroup;
			children = (
				11ECCF252906864000C5DAC7 /* Preview Assets.xcassets */,
			);
			path = "Preview Content";
			sourceTree = "<group>";
		};
		11ECCF3029068E3400C5DAC7 /* extension */ = {
			isa = PBXGroup;
			children = (
				11ECCF3129068E4000C5DAC7 /* String.swift */,
			);
			path = extension;
			sourceTree = "<group>";
		};
/* End PBXGroup section */

/* Begin PBXNativeTarget section */
		11ECCF1A2906864000C5DAC7 /* macro-qr-reader */ = {
			isa = PBXNativeTarget;
			buildConfigurationList = 11ECCF292906864000C5DAC7 /* Build configuration list for PBXNativeTarget "macro-qr-reader" */;
			buildPhases = (
				11ECCF172906864000C5DAC7 /* Sources */,
				11ECCF182906864000C5DAC7 /* Frameworks */,
				11ECCF192906864000C5DAC7 /* Resources */,
			);
			buildRules = (
			);
			dependencies = (
			);
			name = "macro-qr-reader";
			packageProductDependencies = (
				11ECCF2D2906873F00C5DAC7 /* CodeScanner */,
			);
			productName = "macro-qr-reader";
			productReference = 11ECCF1B2906864000C5DAC7 /* macro-qr-reader.app */;
			productType = "com.apple.product-type.application";
		};
/* End PBXNativeTarget section */

/* Begin PBXProject section */
		11ECCF132906864000C5DAC7 /* Project object */ = {
			isa = PBXProject;
			attributes = {
				BuildIndependentTargetsInParallel = 1;
				LastSwiftUpdateCheck = 1400;
				LastUpgradeCheck = 1400;
				TargetAttributes = {
					11ECCF1A2906864000C5DAC7 = {
						CreatedOnToolsVersion = 14.0.1;
					};
				};
			};
			buildConfigurationList = 11ECCF162906864000C5DAC7 /* Build configuration list for PBXProject "macro-qr-reader" */;
			compatibilityVersion = "Xcode 14.0";
			developmentRegion = en;
			hasScannedForEncodings = 0;
			knownRegions = (
				en,
				Base,
			);
			mainGroup = 11ECCF122906864000C5DAC7;
			packageReferences = (
				11ECCF2C2906873F00C5DAC7 /* XCRemoteSwiftPackageReference "CodeScanner" */,
			);
			productRefGroup = 11ECCF1C2906864000C5DAC7 /* Products */;
			projectDirPath = "";
			projectRoot = "";
			targets = (
				11ECCF1A2906864000C5DAC7 /* macro-qr-reader */,
			);
		};
/* End PBXProject section */

/* Begin PBXResourcesBuildPhase section */
		11ECCF192906864000C5DAC7 /* Resources */ = {
			isa = PBXResourcesBuildPhase;
			buildActionMask = 2147483647;
			files = (
				11ECCF262906864000C5DAC7 /* Preview Assets.xcassets in Resources */,
				11ECCF232906864000C5DAC7 /* Assets.xcassets in Resources */,
			);
			runOnlyForDeploymentPostprocessing = 0;
		};
/* End PBXResourcesBuildPhase section */

/* Begin PBXSourcesBuildPhase section */
		11ECCF172906864000C5DAC7 /* Sources */ = {
			isa = PBXSourcesBuildPhase;
			buildActionMask = 2147483647;
			files = (
				11ECCF3229068E4000C5DAC7 /* String.swift in Sources */,
				11ECCF212906864000C5DAC7 /* ContentView.swift in Sources */,
				11ECCF1F2906864000C5DAC7 /* macro_qr_readerApp.swift in Sources */,
			);
			runOnlyForDeploymentPostprocessing = 0;
		};
/* End PBXSourcesBuildPhase section */

/* Begin XCBuildConfiguration section */
		11ECCF272906864000C5DAC7 /* Debug */ = {
			isa = XCBuildConfiguration;
			buildSettings = {
				ALWAYS_SEARCH_USER_PATHS = NO;
				CLANG_ANALYZER_NONNULL = YES;
				CLANG_ANALYZER_NUMBER_OBJECT_CONVERSION = YES_AGGRESSIVE;
				CLANG_CXX_LANGUAGE_STANDARD = "gnu++20";
				CLANG_ENABLE_MODULES = YES;
				CLANG_ENABLE_OBJC_ARC = YES;
				CLANG_ENABLE_OBJC_WEAK = YES;
				CLANG_WARN_BLOCK_CAPTURE_AUTORELEASING = YES;
				CLANG_WARN_BOOL_CONVERSION = YES;
				CLANG_WARN_COMMA = YES;
				CLANG_WARN_CONSTANT_CONVERSION = YES;
				CLANG_WARN_DEPRECATED_OBJC_IMPLEMENTATIONS = YES;
				CLANG_WARN_DIRECT_OBJC_ISA_USAGE = YES_ERROR;
				CLANG_WARN_DOCUMENTATION_COMMENTS = YES;
				CLANG_WARN_EMPTY_BODY = YES;
				CLANG_WARN_ENUM_CONVERSION = YES;
				CLANG_WARN_INFINITE_RECURSION = YES;
				CLANG_WARN_INT_CONVERSION = YES;
				CLANG_WARN_NON_LITERAL_NULL_CONVERSION = YES;
				CLANG_WARN_OBJC_IMPLICIT_RETAIN_SELF = YES;
				CLANG_WARN_OBJC_LITERAL_CONVERSION = YES;
				CLANG_WARN_OBJC_ROOT_CLASS = YES_ERROR;
				CLANG_WARN_QUOTED_INCLUDE_IN_FRAMEWORK_HEADER = YES;
				CLANG_WARN_RANGE_LOOP_ANALYSIS = YES;
				CLANG_WARN_STRICT_PROTOTYPES = YES;
				CLANG_WARN_SUSPICIOUS_MOVE = YES;
				CLANG_WARN_UNGUARDED_AVAILABILITY = YES_AGGRESSIVE;
				CLANG_WARN_UNREACHABLE_CODE = YES;
				CLANG_WARN__DUPLICATE_METHOD_MATCH = YES;
				COPY_PHASE_STRIP = NO;
				DEBUG_INFORMATION_FORMAT = dwarf;
				ENABLE_STRICT_OBJC_MSGSEND = YES;
				ENABLE_TESTABILITY = YES;
				GCC_C_LANGUAGE_STANDARD = gnu11;
				GCC_DYNAMIC_NO_PIC = NO;
				GCC_NO_COMMON_BLOCKS = YES;
				GCC_OPTIMIZATION_LEVEL = 0;
				GCC_PREPROCESSOR_DEFINITIONS = (
					"DEBUG=1",
					"$(inherited)",
				);
				GCC_WARN_64_TO_32_BIT_CONVERSION = YES;
				GCC_WARN_ABOUT_RETURN_TYPE = YES_ERROR;
				GCC_WARN_UNDECLARED_SELECTOR = YES;
				GCC_WARN_UNINITIALIZED_AUTOS = YES_AGGRESSIVE;
				GCC_WARN_UNUSED_FUNCTION = YES;
				GCC_WARN_UNUSED_VARIABLE = YES;
				IPHONEOS_DEPLOYMENT_TARGET = 16.0;
				MTL_ENABLE_DEBUG_INFO = INCLUDE_SOURCE;
				MTL_FAST_MATH = YES;
				ONLY_ACTIVE_ARCH = YES;
				SDKROOT = iphoneos;
				SWIFT_ACTIVE_COMPILATION_CONDITIONS = DEBUG;
				SWIFT_OPTIMIZATION_LEVEL = "-Onone";
			};
			name = Debug;
		};
		11ECCF282906864000C5DAC7 /* Release */ = {
			isa = XCBuildConfiguration;
			buildSettings = {
				ALWAYS_SEARCH_USER_PATHS = NO;
				CLANG_ANALYZER_NONNULL = YES;
				CLANG_ANALYZER_NUMBER_OBJECT_CONVERSION = YES_AGGRESSIVE;
				CLANG_CXX_LANGUAGE_STANDARD = "gnu++20";
				CLANG_ENABLE_MODULES = YES;
				CLANG_ENABLE_OBJC_ARC = YES;
				CLANG_ENABLE_OBJC_WEAK = YES;
				CLANG_WARN_BLOCK_CAPTURE_AUTORELEASING = YES;
				CLANG_WARN_BOOL_CONVERSION = YES;
				CLANG_WARN_COMMA = YES;
				CLANG_WARN_CONSTANT_CONVERSION = YES;
				CLANG_WARN_DEPRECATED_OBJC_IMPLEMENTATIONS = YES;
				CLANG_WARN_DIRECT_OBJC_ISA_USAGE = YES_ERROR;
				CLANG_WARN_DOCUMENTATION_COMMENTS = YES;
				CLANG_WARN_EMPTY_BODY = YES;
				CLANG_WARN_ENUM_CONVERSION = YES;
				CLANG_WARN_INFINITE_RECURSION = YES;
				CLANG_WARN_INT_CONVERSION = YES;
				CLANG_WARN_NON_LITERAL_NULL_CONVERSION = YES;
				CLANG_WARN_OBJC_IMPLICIT_RETAIN_SELF = YES;
				CLANG_WARN_OBJC_LITERAL_CONVERSION = YES;
				CLANG_WARN_OBJC_ROOT_CLASS = YES_ERROR;
				CLANG_WARN_QUOTED_INCLUDE_IN_FRAMEWORK_HEADER = YES;
				CLANG_WARN_RANGE_LOOP_ANALYSIS = YES;
				CLANG_WARN_STRICT_PROTOTYPES = YES;
				CLANG_WARN_SUSPICIOUS_MOVE = YES;
				CLANG_WARN_UNGUARDED_AVAILABILITY = YES_AGGRESSIVE;
				CLANG_WARN_UNREACHABLE_CODE = YES;
				CLANG_WARN__DUPLICATE_METHOD_MATCH = YES;
				COPY_PHASE_STRIP = NO;
				DEBUG_INFORMATION_FORMAT = "dwarf-with-dsym";
				ENABLE_NS_ASSERTIONS = NO;
				ENABLE_STRICT_OBJC_MSGSEND = YES;
				GCC_C_LANGUAGE_STANDARD = gnu11;
				GCC_NO_COMMON_BLOCKS = YES;
				GCC_WARN_64_TO_32_BIT_CONVERSION = YES;
				GCC_WARN_ABOUT_RETURN_TYPE = YES_ERROR;
				GCC_WARN_UNDECLARED_SELECTOR = YES;
				GCC_WARN_UNINITIALIZED_AUTOS = YES_AGGRESSIVE;
				GCC_WARN_UNUSED_FUNCTION = YES;
				GCC_WARN_UNUSED_VARIABLE = YES;
				IPHONEOS_DEPLOYMENT_TARGET = 16.0;
				MTL_ENABLE_DEBUG_INFO = NO;
				MTL_FAST_MATH = YES;
				SDKROOT = iphoneos;
				SWIFT_COMPILATION_MODE = wholemodule;
				SWIFT_OPTIMIZATION_LEVEL = "-O";
				VALIDATE_PRODUCT = YES;
			};
			name = Release;
		};
		11ECCF2A2906864000C5DAC7 /* Debug */ = {
			isa = XCBuildConfiguration;
			buildSettings = {
				ASSETCATALOG_COMPILER_APPICON_NAME = AppIcon;
				ASSETCATALOG_COMPILER_GLOBAL_ACCENT_COLOR_NAME = AccentColor;
				CODE_SIGN_STYLE = Automatic;
				CURRENT_PROJECT_VERSION = 1;
				DEVELOPMENT_ASSET_PATHS = "\"macro-qr-reader/Preview Content\"";
				DEVELOPMENT_TEAM = CD3LJB88Z9;
				ENABLE_PREVIEWS = YES;
				GENERATE_INFOPLIST_FILE = YES;
				INFOPLIST_FILE = "macro-qr-reader/Info.plist";
				INFOPLIST_KEY_NSCameraUsageDescription = "We need to scan QR Codes";
				INFOPLIST_KEY_UIApplicationSceneManifest_Generation = YES;
				INFOPLIST_KEY_UIApplicationSupportsIndirectInputEvents = YES;
				INFOPLIST_KEY_UILaunchScreen_Generation = YES;
				INFOPLIST_KEY_UISupportedInterfaceOrientations_iPad = "UIInterfaceOrientationPortrait UIInterfaceOrientationPortraitUpsideDown UIInterfaceOrientationLandscapeLeft UIInterfaceOrientationLandscapeRight";
				INFOPLIST_KEY_UISupportedInterfaceOrientations_iPhone = "UIInterfaceOrientationPortrait UIInterfaceOrientationLandscapeLeft UIInterfaceOrientationLandscapeRight";
				LD_RUNPATH_SEARCH_PATHS = (
					"$(inherited)",
					"@executable_path/Frameworks",
				);
				MARKETING_VERSION = 1.0;
				PRODUCT_BUNDLE_IDENTIFIER = "com.theodorusclarence.macro-qr-reader";
				PRODUCT_NAME = "$(TARGET_NAME)";
				SWIFT_EMIT_LOC_STRINGS = YES;
				SWIFT_VERSION = 5.0;
				TARGETED_DEVICE_FAMILY = "1,2";
			};
			name = Debug;
		};
		11ECCF2B2906864000C5DAC7 /* Release */ = {
			isa = XCBuildConfiguration;
			buildSettings = {
				ASSETCATALOG_COMPILER_APPICON_NAME = AppIcon;
				ASSETCATALOG_COMPILER_GLOBAL_ACCENT_COLOR_NAME = AccentColor;
				CODE_SIGN_STYLE = Automatic;
				CURRENT_PROJECT_VERSION = 1;
				DEVELOPMENT_ASSET_PATHS = "\"macro-qr-reader/Preview Content\"";
				DEVELOPMENT_TEAM = CD3LJB88Z9;
				ENABLE_PREVIEWS = YES;
				GENERATE_INFOPLIST_FILE = YES;
				INFOPLIST_FILE = "macro-qr-reader/Info.plist";
				INFOPLIST_KEY_NSCameraUsageDescription = "We need to scan QR Codes";
				INFOPLIST_KEY_UIApplicationSceneManifest_Generation = YES;
				INFOPLIST_KEY_UIApplicationSupportsIndirectInputEvents = YES;
				INFOPLIST_KEY_UILaunchScreen_Generation = YES;
				INFOPLIST_KEY_UISupportedInterfaceOrientations_iPad = "UIInterfaceOrientationPortrait UIInterfaceOrientationPortraitUpsideDown UIInterfaceOrientationLandscapeLeft UIInterfaceOrientationLandscapeRight";
				INFOPLIST_KEY_UISupportedInterfaceOrientations_iPhone = "UIInterfaceOrientationPortrait UIInterfaceOrientationLandscapeLeft UIInterfaceOrientationLandscapeRight";
				LD_RUNPATH_SEARCH_PATHS = (
					"$(inherited)",
					"@executable_path/Frameworks",
				);
				MARKETING_VERSION = 1.0;
				PRODUCT_BUNDLE_IDENTIFIER = "com.theodorusclarence.macro-qr-reader";
				PRODUCT_NAME = "$(TARGET_NAME)";
				SWIFT_EMIT_LOC_STRINGS = YES;
				SWIFT_VERSION = 5.0;
				TARGETED_DEVICE_FAMILY = "1,2";
			};
			name = Release;
		};
/* End XCBuildConfiguration section */

/* Begin XCConfigurationList section */
		11ECCF162906864000C5DAC7 /* Build configuration list for PBXProject "macro-qr-reader" */ = {
			isa = XCConfigurationList;
			buildConfigurations = (
				11ECCF272906864000C5DAC7 /* Debug */,
				11ECCF282906864000C5DAC7 /* Release */,
			);
			defaultConfigurationIsVisible = 0;
			defaultConfigurationName = Release;
		};
		11ECCF292906864000C5DAC7 /* Build configuration list for PBXNativeTarget "macro-qr-reader" */ = {
			isa = XCConfigurationList;
			buildConfigurations = (
				11ECCF2A2906864000C5DAC7 /* Debug */,
				11ECCF2B2906864000C5DAC7 /* Release */,
			);
			defaultConfigurationIsVisible = 0;
			defaultConfigurationName = Release;
		};
/* End XCConfigurationList section */

/* Begin XCRemoteSwiftPackageReference section */
		11ECCF2C2906873F00C5DAC7 /* XCRemoteSwiftPackageReference "CodeScanner" */ = {
			isa = XCRemoteSwiftPackageReference;
			repositoryURL = "https://github.com/twostraws/CodeScanner";
			requirement = {
				kind = upToNextMajorVersion;
				minimumVersion = 2.0.0;
			};
		};
/* End XCRemoteSwiftPackageReference section */

/* Begin XCSwiftPackageProductDependency section */
		11ECCF2D2906873F00C5DAC7 /* CodeScanner */ = {
			isa = XCSwiftPackageProductDependency;
			package = 11ECCF2C2906873F00C5DAC7 /* XCRemoteSwiftPackageReference "CodeScanner" */;
			productName = CodeScanner;
		};
/* End XCSwiftPackageProductDependency section */
	};
	rootObject = 11ECCF132906864000C5DAC7 /* Project object */;
}
